
Microsoft Visual Studio Solution File, Format Version 12.00
# Visual Studio Version 17
VisualStudioVersion = 17.1.32210.238
MinimumVisualStudioVersion = 10.0.40219.1
Project("{FAE04EC0-301F-11D3-BF4B-00C04F79EFBC}") = "modul2_1302204036", "modul2_1302204036\modul2_1302204036.csproj", "{E1DF074A-C304-46BA-AEAB-41A92E706316}"
EndProject
Global
	GlobalSection(SolutionConfigurationPlatforms) = preSolution
		Debug|Any CPU = Debug|Any CPU
		Release|Any CPU = Release|Any CPU
	EndGlobalSection
	GlobalSection(ProjectConfigurationPlatforms) = postSolution
		{E1DF074A-C304-46BA-AEAB-41A92E706316}.Debug|Any CPU.ActiveCfg = Debug|Any CPU
		{E1DF074A-C304-46BA-AEAB-41A92E706316}.Debug|Any CPU.Build.0 = Debug|Any CPU
		{E1DF074A-C304-46BA-AEAB-41A92E706316}.Release|Any CPU.ActiveCfg = Release|Any CPU
		{E1DF074A-C304-46BA-AEAB-41A92E706316}.Release|Any CPU.Build.0 = Release|Any CPU
	EndGlobalSection
	GlobalSection(SolutionProperties) = preSolution
		HideSolutionNode = FALSE
	EndGlobalSection
	GlobalSection(ExtensibilityGlobals) = postSolution
		SolutionGuid = {51C40277-1DFA-4012-9A5C-B166A555C290}
	EndGlobalSection
EndGlobal
